
Microsoft Visual Studio Solution File, Format Version 12.00
# Visual Studio 14
VisualStudioVersion = 14.0.25420.1
MinimumVisualStudioVersion = 10.0.40219.1
Project("{FAE04EC0-301F-11D3-BF4B-00C04F79EFBC}") = "Infinity.Visibilty.WebAPI", "Infinity.Visibilty.WebAPI\Infinity.Visibilty.WebAPI.csproj", "{FFCE8EBA-E17A-4CFE-A2EF-B08095287497}"
EndProject
Project("{FAE04EC0-301F-11D3-BF4B-00C04F79EFBC}") = "Infinity.Visibilty.DataAccess", "Infinity.Visibilty.DataAccess\Infinity.Visibilty.DataAccess.csproj", "{7EB3C543-DE77-420A-AA60-1C64F1909FB1}"
EndProject
Global
	GlobalSection(SolutionConfigurationPlatforms) = preSolution
		Debug|Any CPU = Debug|Any CPU
		Release|Any CPU = Release|Any CPU
	EndGlobalSection
	GlobalSection(ProjectConfigurationPlatforms) = postSolution
		{FFCE8EBA-E17A-4CFE-A2EF-B08095287497}.Debug|Any CPU.ActiveCfg = Debug|Any CPU
		{FFCE8EBA-E17A-4CFE-A2EF-B08095287497}.Debug|Any CPU.Build.0 = Debug|Any CPU
		{FFCE8EBA-E17A-4CFE-A2EF-B08095287497}.Release|Any CPU.ActiveCfg = Release|Any CPU
		{FFCE8EBA-E17A-4CFE-A2EF-B08095287497}.Release|Any CPU.Build.0 = Release|Any CPU
		{7EB3C543-DE77-420A-AA60-1C64F1909FB1}.Debug|Any CPU.ActiveCfg = Debug|Any CPU
		{7EB3C543-DE77-420A-AA60-1C64F1909FB1}.Debug|Any CPU.Build.0 = Debug|Any CPU
		{7EB3C543-DE77-420A-AA60-1C64F1909FB1}.Release|Any CPU.ActiveCfg = Release|Any CPU
		{7EB3C543-DE77-420A-AA60-1C64F1909FB1}.Release|Any CPU.Build.0 = Release|Any CPU
	EndGlobalSection
	GlobalSection(SolutionProperties) = preSolution
		HideSolutionNode = FALSE
	EndGlobalSection
EndGlobal
